// !$*UTF8*$!
{
	archiveVersion = 1;
	classes = {
	};
	objectVersion = 50;
	objects = {

/* Begin PBXBuildFile section */
		0502BE6523C336CD005C0FCC /* UrlShortenerPresenter.swift in Sources */ = {isa = PBXBuildFile; fileRef = 0502BE6423C336CD005C0FCC /* UrlShortenerPresenter.swift */; };
		0502BE6923C336F3005C0FCC /* UrlShortenerInteractor.swift in Sources */ = {isa = PBXBuildFile; fileRef = 0502BE6823C336F3005C0FCC /* UrlShortenerInteractor.swift */; };
		0537670323C3BB5D00E148AC /* UrlShortenerCell.swift in Sources */ = {isa = PBXBuildFile; fileRef = 0537670123C3BB5D00E148AC /* UrlShortenerCell.swift */; };
		0537670423C3BB5D00E148AC /* UrlShortenerCell.xib in Resources */ = {isa = PBXBuildFile; fileRef = 0537670223C3BB5D00E148AC /* UrlShortenerCell.xib */; };
		0537670623C3C19700E148AC /* UrlShortenerVC.xib in Resources */ = {isa = PBXBuildFile; fileRef = 0537670523C3C19700E148AC /* UrlShortenerVC.xib */; };
		05B650B223CF84C8008C16B5 /* AppDefine.swift in Sources */ = {isa = PBXBuildFile; fileRef = 05B650B123CF84C8008C16B5 /* AppDefine.swift */; };
		05B650B623CF852A008C16B5 /* URL_SHORTENER.xcdatamodeld in Sources */ = {isa = PBXBuildFile; fileRef = 05B650B423CF852A008C16B5 /* URL_SHORTENER.xcdatamodeld */; };
		05B650B823CF857D008C16B5 /* Entity.swift in Sources */ = {isa = PBXBuildFile; fileRef = 05B650B723CF857D008C16B5 /* Entity.swift */; };
		05B650BA23CF8595008C16B5 /* URLEntity.swift in Sources */ = {isa = PBXBuildFile; fileRef = 05B650B923CF8595008C16B5 /* URLEntity.swift */; };
		05B650BD23CF85D5008C16B5 /* CoreDataManager.swift in Sources */ = {isa = PBXBuildFile; fileRef = 05B650BC23CF85D5008C16B5 /* CoreDataManager.swift */; };
		05B650C023CF8645008C16B5 /* UrlShortenerProtocols.swift in Sources */ = {isa = PBXBuildFile; fileRef = 05B650BF23CF8645008C16B5 /* UrlShortenerProtocols.swift */; };
		05B650C223CF8687008C16B5 /* Wireframe.swift in Sources */ = {isa = PBXBuildFile; fileRef = 05B650C123CF8687008C16B5 /* Wireframe.swift */; };
		05B650CD23CF8951008C16B5 /* MockUrlShortenerInteractorOutput.swift in Sources */ = {isa = PBXBuildFile; fileRef = 05B650C623CF894F008C16B5 /* MockUrlShortenerInteractorOutput.swift */; };
		05B650CE23CF8951008C16B5 /* MockUrlShortenerWireframe.swift in Sources */ = {isa = PBXBuildFile; fileRef = 05B650C723CF894F008C16B5 /* MockUrlShortenerWireframe.swift */; };
		05B650CF23CF8951008C16B5 /* MockUrlShortenerView.swift in Sources */ = {isa = PBXBuildFile; fileRef = 05B650C823CF8950008C16B5 /* MockUrlShortenerView.swift */; };
		05B650D023CF8951008C16B5 /* MockUrlShortenerPresenter.swift in Sources */ = {isa = PBXBuildFile; fileRef = 05B650C923CF8950008C16B5 /* MockUrlShortenerPresenter.swift */; };
		05B650D123CF8951008C16B5 /* MockUrlShortenerInteractorInput.swift in Sources */ = {isa = PBXBuildFile; fileRef = 05B650CA23CF8950008C16B5 /* MockUrlShortenerInteractorInput.swift */; };
		05B650D223CF8951008C16B5 /* MockPersistentContainer.swift in Sources */ = {isa = PBXBuildFile; fileRef = 05B650CB23CF8950008C16B5 /* MockPersistentContainer.swift */; };
		05B650D323CF8951008C16B5 /* MockCoreDataManager.swift in Sources */ = {isa = PBXBuildFile; fileRef = 05B650CC23CF8950008C16B5 /* MockCoreDataManager.swift */; };
		05B650D523CF897A008C16B5 /* UrlShortenerViewTests.swift in Sources */ = {isa = PBXBuildFile; fileRef = 05B650D423CF897A008C16B5 /* UrlShortenerViewTests.swift */; };
		05B650D723CF8989008C16B5 /* UrlShortenerPresenterTests.swift in Sources */ = {isa = PBXBuildFile; fileRef = 05B650D623CF8989008C16B5 /* UrlShortenerPresenterTests.swift */; };
		05B650DA23CF8C03008C16B5 /* UrlShortenerInteractorTests.swift in Sources */ = {isa = PBXBuildFile; fileRef = 05B650D923CF8C03008C16B5 /* UrlShortenerInteractorTests.swift */; };
		05D7F11D23C3342500957252 /* AppDelegate.swift in Sources */ = {isa = PBXBuildFile; fileRef = 05D7F11C23C3342500957252 /* AppDelegate.swift */; };
		05D7F11F23C3342500957252 /* SceneDelegate.swift in Sources */ = {isa = PBXBuildFile; fileRef = 05D7F11E23C3342500957252 /* SceneDelegate.swift */; };
		05D7F12623C3342700957252 /* Assets.xcassets in Resources */ = {isa = PBXBuildFile; fileRef = 05D7F12523C3342700957252 /* Assets.xcassets */; };
		05D7F12923C3342700957252 /* LaunchScreen.storyboard in Resources */ = {isa = PBXBuildFile; fileRef = 05D7F12723C3342700957252 /* LaunchScreen.storyboard */; };
		05D7F13423C3342700957252 /* UrlShortenerTests.swift in Sources */ = {isa = PBXBuildFile; fileRef = 05D7F13323C3342700957252 /* UrlShortenerTests.swift */; };
		05D7F15623C334FC00957252 /* UrlShortenerWireframe.swift in Sources */ = {isa = PBXBuildFile; fileRef = 05D7F15523C334FC00957252 /* UrlShortenerWireframe.swift */; };
		05D7F15C23C3354200957252 /* UrlShortenerVC.swift in Sources */ = {isa = PBXBuildFile; fileRef = 05D7F15B23C3354200957252 /* UrlShortenerVC.swift */; };
/* End PBXBuildFile section */

/* Begin PBXContainerItemProxy section */
		05D7F13023C3342700957252 /* PBXContainerItemProxy */ = {
			isa = PBXContainerItemProxy;
			containerPortal = 05D7F11123C3342400957252 /* Project object */;
			proxyType = 1;
			remoteGlobalIDString = 05D7F11823C3342500957252;
			remoteInfo = UrlShortener;
		};
/* End PBXContainerItemProxy section */

/* Begin PBXFileReference section */
		0502BE6423C336CD005C0FCC /* UrlShortenerPresenter.swift */ = {isa = PBXFileReference; lastKnownFileType = sourcecode.swift; path = UrlShortenerPresenter.swift; sourceTree = "<group>"; };
		0502BE6823C336F3005C0FCC /* UrlShortenerInteractor.swift */ = {isa = PBXFileReference; lastKnownFileType = sourcecode.swift; path = UrlShortenerInteractor.swift; sourceTree = "<group>"; };
		0537670123C3BB5D00E148AC /* UrlShortenerCell.swift */ = {isa = PBXFileReference; lastKnownFileType = sourcecode.swift; path = UrlShortenerCell.swift; sourceTree = "<group>"; };
		0537670223C3BB5D00E148AC /* UrlShortenerCell.xib */ = {isa = PBXFileReference; lastKnownFileType = file.xib; path = UrlShortenerCell.xib; sourceTree = "<group>"; };
		0537670523C3C19700E148AC /* UrlShortenerVC.xib */ = {isa = PBXFileReference; lastKnownFileType = file.xib; path = UrlShortenerVC.xib; sourceTree = "<group>"; };
		05B650B123CF84C8008C16B5 /* AppDefine.swift */ = {isa = PBXFileReference; lastKnownFileType = sourcecode.swift; path = AppDefine.swift; sourceTree = "<group>"; };
		05B650B523CF852A008C16B5 /* URL_SHORTENER.xcdatamodel */ = {isa = PBXFileReference; lastKnownFileType = wrapper.xcdatamodel; path = URL_SHORTENER.xcdatamodel; sourceTree = "<group>"; };
		05B650B723CF857D008C16B5 /* Entity.swift */ = {isa = PBXFileReference; lastKnownFileType = sourcecode.swift; path = Entity.swift; sourceTree = "<group>"; };
		05B650B923CF8595008C16B5 /* URLEntity.swift */ = {isa = PBXFileReference; lastKnownFileType = sourcecode.swift; path = URLEntity.swift; sourceTree = "<group>"; };
		05B650BC23CF85D5008C16B5 /* CoreDataManager.swift */ = {isa = PBXFileReference; lastKnownFileType = sourcecode.swift; path = CoreDataManager.swift; sourceTree = "<group>"; };
		05B650BF23CF8645008C16B5 /* UrlShortenerProtocols.swift */ = {isa = PBXFileReference; lastKnownFileType = sourcecode.swift; path = UrlShortenerProtocols.swift; sourceTree = "<group>"; };
		05B650C123CF8687008C16B5 /* Wireframe.swift */ = {isa = PBXFileReference; lastKnownFileType = sourcecode.swift; path = Wireframe.swift; sourceTree = "<group>"; };
		05B650C623CF894F008C16B5 /* MockUrlShortenerInteractorOutput.swift */ = {isa = PBXFileReference; fileEncoding = 4; lastKnownFileType = sourcecode.swift; path = MockUrlShortenerInteractorOutput.swift; sourceTree = "<group>"; };
		05B650C723CF894F008C16B5 /* MockUrlShortenerWireframe.swift */ = {isa = PBXFileReference; fileEncoding = 4; lastKnownFileType = sourcecode.swift; path = MockUrlShortenerWireframe.swift; sourceTree = "<group>"; };
		05B650C823CF8950008C16B5 /* MockUrlShortenerView.swift */ = {isa = PBXFileReference; fileEncoding = 4; lastKnownFileType = sourcecode.swift; path = MockUrlShortenerView.swift; sourceTree = "<group>"; };
		05B650C923CF8950008C16B5 /* MockUrlShortenerPresenter.swift */ = {isa = PBXFileReference; fileEncoding = 4; lastKnownFileType = sourcecode.swift; path = MockUrlShortenerPresenter.swift; sourceTree = "<group>"; };
		05B650CA23CF8950008C16B5 /* MockUrlShortenerInteractorInput.swift */ = {isa = PBXFileReference; fileEncoding = 4; lastKnownFileType = sourcecode.swift; path = MockUrlShortenerInteractorInput.swift; sourceTree = "<group>"; };
		05B650CB23CF8950008C16B5 /* MockPersistentContainer.swift */ = {isa = PBXFileReference; fileEncoding = 4; lastKnownFileType = sourcecode.swift; path = MockPersistentContainer.swift; sourceTree = "<group>"; };
		05B650CC23CF8950008C16B5 /* MockCoreDataManager.swift */ = {isa = PBXFileReference; fileEncoding = 4; lastKnownFileType = sourcecode.swift; path = MockCoreDataManager.swift; sourceTree = "<group>"; };
		05B650D423CF897A008C16B5 /* UrlShortenerViewTests.swift */ = {isa = PBXFileReference; fileEncoding = 4; lastKnownFileType = sourcecode.swift; path = UrlShortenerViewTests.swift; sourceTree = "<group>"; };
		05B650D623CF8989008C16B5 /* UrlShortenerPresenterTests.swift */ = {isa = PBXFileReference; fileEncoding = 4; lastKnownFileType = sourcecode.swift; path = UrlShortenerPresenterTests.swift; sourceTree = "<group>"; };
		05B650D923CF8C03008C16B5 /* UrlShortenerInteractorTests.swift */ = {isa = PBXFileReference; lastKnownFileType = sourcecode.swift; path = UrlShortenerInteractorTests.swift; sourceTree = "<group>"; };
		05D7F11923C3342500957252 /* UrlShortener.app */ = {isa = PBXFileReference; explicitFileType = wrapper.application; includeInIndex = 0; path = UrlShortener.app; sourceTree = BUILT_PRODUCTS_DIR; };
		05D7F11C23C3342500957252 /* AppDelegate.swift */ = {isa = PBXFileReference; lastKnownFileType = sourcecode.swift; path = AppDelegate.swift; sourceTree = "<group>"; };
		05D7F11E23C3342500957252 /* SceneDelegate.swift */ = {isa = PBXFileReference; lastKnownFileType = sourcecode.swift; path = SceneDelegate.swift; sourceTree = "<group>"; };
		05D7F12523C3342700957252 /* Assets.xcassets */ = {isa = PBXFileReference; lastKnownFileType = folder.assetcatalog; path = Assets.xcassets; sourceTree = "<group>"; };
		05D7F12823C3342700957252 /* Base */ = {isa = PBXFileReference; lastKnownFileType = file.storyboard; name = Base; path = Base.lproj/LaunchScreen.storyboard; sourceTree = "<group>"; };
		05D7F12A23C3342700957252 /* Info.plist */ = {isa = PBXFileReference; lastKnownFileType = text.plist.xml; path = Info.plist; sourceTree = "<group>"; };
		05D7F12F23C3342700957252 /* UrlShortenerTests.xctest */ = {isa = PBXFileReference; explicitFileType = wrapper.cfbundle; includeInIndex = 0; path = UrlShortenerTests.xctest; sourceTree = BUILT_PRODUCTS_DIR; };
		05D7F13323C3342700957252 /* UrlShortenerTests.swift */ = {isa = PBXFileReference; lastKnownFileType = sourcecode.swift; path = UrlShortenerTests.swift; sourceTree = "<group>"; };
		05D7F13523C3342700957252 /* Info.plist */ = {isa = PBXFileReference; lastKnownFileType = text.plist.xml; path = Info.plist; sourceTree = "<group>"; };
		05D7F15523C334FC00957252 /* UrlShortenerWireframe.swift */ = {isa = PBXFileReference; lastKnownFileType = sourcecode.swift; path = UrlShortenerWireframe.swift; sourceTree = "<group>"; };
		05D7F15B23C3354200957252 /* UrlShortenerVC.swift */ = {isa = PBXFileReference; lastKnownFileType = sourcecode.swift; path = UrlShortenerVC.swift; sourceTree = "<group>"; };
/* End PBXFileReference section */

/* Begin PBXFrameworksBuildPhase section */
		05D7F11623C3342500957252 /* Frameworks */ = {
			isa = PBXFrameworksBuildPhase;
			buildActionMask = 2147483647;
			files = (
			);
			runOnlyForDeploymentPostprocessing = 0;
		};
		05D7F12C23C3342700957252 /* Frameworks */ = {
			isa = PBXFrameworksBuildPhase;
			buildActionMask = 2147483647;
			files = (
			);
			runOnlyForDeploymentPostprocessing = 0;
		};
/* End PBXFrameworksBuildPhase section */

/* Begin PBXGroup section */
		053766FE23C3BA5100E148AC /* Cell */ = {
			isa = PBXGroup;
			children = (
				0537670123C3BB5D00E148AC /* UrlShortenerCell.swift */,
				0537670223C3BB5D00E148AC /* UrlShortenerCell.xib */,
			);
			path = Cell;
			sourceTree = "<group>";
		};
		05B650B023CF84B0008C16B5 /* Helpers */ = {
			isa = PBXGroup;
			children = (
				05B650B123CF84C8008C16B5 /* AppDefine.swift */,
			);
			path = Helpers;
			sourceTree = "<group>";
		};
		05B650B323CF850A008C16B5 /* Entites */ = {
			isa = PBXGroup;
			children = (
				05B650B423CF852A008C16B5 /* URL_SHORTENER.xcdatamodeld */,
				05B650B723CF857D008C16B5 /* Entity.swift */,
				05B650B923CF8595008C16B5 /* URLEntity.swift */,
			);
			path = Entites;
			sourceTree = "<group>";
		};
		05B650BB23CF85C3008C16B5 /* DataManager */ = {
			isa = PBXGroup;
			children = (
				05B650BC23CF85D5008C16B5 /* CoreDataManager.swift */,
			);
			path = DataManager;
			sourceTree = "<group>";
		};
		05B650BE23CF8636008C16B5 /* Protocols */ = {
			isa = PBXGroup;
			children = (
				05B650BF23CF8645008C16B5 /* UrlShortenerProtocols.swift */,
			);
			path = Protocols;
			sourceTree = "<group>";
		};
		05B650C323CF88FC008C16B5 /* Mocks */ = {
			isa = PBXGroup;
			children = (
				05B650CB23CF8950008C16B5 /* MockPersistentContainer.swift */,
				05B650CC23CF8950008C16B5 /* MockCoreDataManager.swift */,
				05B650C723CF894F008C16B5 /* MockUrlShortenerWireframe.swift */,
				05B650C823CF8950008C16B5 /* MockUrlShortenerView.swift */,
				05B650C923CF8950008C16B5 /* MockUrlShortenerPresenter.swift */,
				05B650CA23CF8950008C16B5 /* MockUrlShortenerInteractorInput.swift */,
				05B650C623CF894F008C16B5 /* MockUrlShortenerInteractorOutput.swift */,
			);
			path = Mocks;
			sourceTree = "<group>";
		};
		05B650C423CF8908008C16B5 /* View */ = {
			isa = PBXGroup;
			children = (
				05B650D423CF897A008C16B5 /* UrlShortenerViewTests.swift */,
			);
			path = View;
			sourceTree = "<group>";
		};
		05B650C523CF8910008C16B5 /* Presenter */ = {
			isa = PBXGroup;
			children = (
				05B650D623CF8989008C16B5 /* UrlShortenerPresenterTests.swift */,
			);
			path = Presenter;
			sourceTree = "<group>";
		};
		05B650D823CF8BE2008C16B5 /* Interactor */ = {
			isa = PBXGroup;
			children = (
				05B650D923CF8C03008C16B5 /* UrlShortenerInteractorTests.swift */,
			);
			path = Interactor;
			sourceTree = "<group>";
		};
		05D7F11023C3342400957252 = {
			isa = PBXGroup;
			children = (
				05D7F11B23C3342500957252 /* UrlShortener */,
				05D7F13223C3342700957252 /* UrlShortenerTests */,
				05D7F11A23C3342500957252 /* Products */,
			);
			sourceTree = "<group>";
		};
		05D7F11A23C3342500957252 /* Products */ = {
			isa = PBXGroup;
			children = (
				05D7F11923C3342500957252 /* UrlShortener.app */,
				05D7F12F23C3342700957252 /* UrlShortenerTests.xctest */,
			);
			name = Products;
			sourceTree = "<group>";
		};
		05D7F11B23C3342500957252 /* UrlShortener */ = {
			isa = PBXGroup;
			children = (
				05D7F14D23C3346C00957252 /* Common */,
				05D7F14C23C3346700957252 /* Modules */,
				05D7F12523C3342700957252 /* Assets.xcassets */,
				05D7F12723C3342700957252 /* LaunchScreen.storyboard */,
				05D7F12A23C3342700957252 /* Info.plist */,
			);
			path = UrlShortener;
			sourceTree = "<group>";
		};
		05D7F13223C3342700957252 /* UrlShortenerTests */ = {
			isa = PBXGroup;
			children = (
				05B650C323CF88FC008C16B5 /* Mocks */,
				05B650C423CF8908008C16B5 /* View */,
				05B650C523CF8910008C16B5 /* Presenter */,
				05B650D823CF8BE2008C16B5 /* Interactor */,
				05D7F13323C3342700957252 /* UrlShortenerTests.swift */,
				05D7F13523C3342700957252 /* Info.plist */,
			);
			path = UrlShortenerTests;
			sourceTree = "<group>";
		};
		05D7F14C23C3346700957252 /* Modules */ = {
			isa = PBXGroup;
			children = (
				05D7F14F23C3348200957252 /* UrlShortener */,
			);
			path = Modules;
			sourceTree = "<group>";
		};
		05D7F14D23C3346C00957252 /* Common */ = {
			isa = PBXGroup;
			children = (
				05D7F14E23C3347200957252 /* Appdelegate */,
				05B650B023CF84B0008C16B5 /* Helpers */,
				05B650B323CF850A008C16B5 /* Entites */,
				05B650BB23CF85C3008C16B5 /* DataManager */,
			);
			path = Common;
			sourceTree = "<group>";
		};
		05D7F14E23C3347200957252 /* Appdelegate */ = {
			isa = PBXGroup;
			children = (
				05D7F11C23C3342500957252 /* AppDelegate.swift */,
				05D7F11E23C3342500957252 /* SceneDelegate.swift */,
			);
			path = Appdelegate;
			sourceTree = "<group>";
		};
		05D7F14F23C3348200957252 /* UrlShortener */ = {
			isa = PBXGroup;
			children = (
				05B650BE23CF8636008C16B5 /* Protocols */,
				05D7F15423C334AA00957252 /* Wireframe */,
				05D7F15323C334A500957252 /* View */,
				05D7F15223C3349C00957252 /* Presenter */,
				05D7F15123C3349400957252 /* Interactor */,
			);
			path = UrlShortener;
			sourceTree = "<group>";
		};
		05D7F15123C3349400957252 /* Interactor */ = {
			isa = PBXGroup;
			children = (
				0502BE6823C336F3005C0FCC /* UrlShortenerInteractor.swift */,
			);
			path = Interactor;
			sourceTree = "<group>";
		};
		05D7F15223C3349C00957252 /* Presenter */ = {
			isa = PBXGroup;
			children = (
				0502BE6423C336CD005C0FCC /* UrlShortenerPresenter.swift */,
			);
			path = Presenter;
			sourceTree = "<group>";
		};
		05D7F15323C334A500957252 /* View */ = {
			isa = PBXGroup;
			children = (
				053766FE23C3BA5100E148AC /* Cell */,
				05D7F15B23C3354200957252 /* UrlShortenerVC.swift */,
				0537670523C3C19700E148AC /* UrlShortenerVC.xib */,
			);
			path = View;
			sourceTree = "<group>";
		};
		05D7F15423C334AA00957252 /* Wireframe */ = {
			isa = PBXGroup;
			children = (
				05D7F15523C334FC00957252 /* UrlShortenerWireframe.swift */,
				05B650C123CF8687008C16B5 /* Wireframe.swift */,
			);
			path = Wireframe;
			sourceTree = "<group>";
		};
/* End PBXGroup section */

/* Begin PBXNativeTarget section */
		05D7F11823C3342500957252 /* UrlShortener */ = {
			isa = PBXNativeTarget;
			buildConfigurationList = 05D7F14323C3342700957252 /* Build configuration list for PBXNativeTarget "UrlShortener" */;
			buildPhases = (
				05D7F11523C3342500957252 /* Sources */,
				05D7F11623C3342500957252 /* Frameworks */,
				05D7F11723C3342500957252 /* Resources */,
			);
			buildRules = (
			);
			dependencies = (
			);
			name = UrlShortener;
			productName = UrlShortener;
			productReference = 05D7F11923C3342500957252 /* UrlShortener.app */;
			productType = "com.apple.product-type.application";
		};
		05D7F12E23C3342700957252 /* UrlShortenerTests */ = {
			isa = PBXNativeTarget;
			buildConfigurationList = 05D7F14623C3342700957252 /* Build configuration list for PBXNativeTarget "UrlShortenerTests" */;
			buildPhases = (
				05D7F12B23C3342700957252 /* Sources */,
				05D7F12C23C3342700957252 /* Frameworks */,
				05D7F12D23C3342700957252 /* Resources */,
			);
			buildRules = (
			);
			dependencies = (
				05D7F13123C3342700957252 /* PBXTargetDependency */,
			);
			name = UrlShortenerTests;
			productName = UrlShortenerTests;
			productReference = 05D7F12F23C3342700957252 /* UrlShortenerTests.xctest */;
			productType = "com.apple.product-type.bundle.unit-test";
		};
/* End PBXNativeTarget section */

/* Begin PBXProject section */
		05D7F11123C3342400957252 /* Project object */ = {
			isa = PBXProject;
			attributes = {
				LastSwiftUpdateCheck = 1110;
				LastUpgradeCheck = 1110;
				ORGANIZATIONNAME = HaiDoan;
				TargetAttributes = {
					05D7F11823C3342500957252 = {
						CreatedOnToolsVersion = 11.1;
					};
					05D7F12E23C3342700957252 = {
						CreatedOnToolsVersion = 11.1;
						TestTargetID = 05D7F11823C3342500957252;
					};
				};
			};
			buildConfigurationList = 05D7F11423C3342400957252 /* Build configuration list for PBXProject "UrlShortener" */;
			compatibilityVersion = "Xcode 9.3";
			developmentRegion = en;
			hasScannedForEncodings = 0;
			knownRegions = (
				en,
				Base,
			);
			mainGroup = 05D7F11023C3342400957252;
			productRefGroup = 05D7F11A23C3342500957252 /* Products */;
			projectDirPath = "";
			projectRoot = "";
			targets = (
				05D7F11823C3342500957252 /* UrlShortener */,
				05D7F12E23C3342700957252 /* UrlShortenerTests */,
			);
		};
/* End PBXProject section */

/* Begin PBXResourcesBuildPhase section */
		05D7F11723C3342500957252 /* Resources */ = {
			isa = PBXResourcesBuildPhase;
			buildActionMask = 2147483647;
			files = (
				0537670623C3C19700E148AC /* UrlShortenerVC.xib in Resources */,
				05D7F12923C3342700957252 /* LaunchScreen.storyboard in Resources */,
				05D7F12623C3342700957252 /* Assets.xcassets in Resources */,
				0537670423C3BB5D00E148AC /* UrlShortenerCell.xib in Resources */,
			);
			runOnlyForDeploymentPostprocessing = 0;
		};
		05D7F12D23C3342700957252 /* Resources */ = {
			isa = PBXResourcesBuildPhase;
			buildActionMask = 2147483647;
			files = (
			);
			runOnlyForDeploymentPostprocessing = 0;
		};
/* End PBXResourcesBuildPhase section */

/* Begin PBXSourcesBuildPhase section */
		05D7F11523C3342500957252 /* Sources */ = {
			isa = PBXSourcesBuildPhase;
			buildActionMask = 2147483647;
			files = (
				05D7F11D23C3342500957252 /* AppDelegate.swift in Sources */,
				05B650B823CF857D008C16B5 /* Entity.swift in Sources */,
				0502BE6523C336CD005C0FCC /* UrlShortenerPresenter.swift in Sources */,
				0537670323C3BB5D00E148AC /* UrlShortenerCell.swift in Sources */,
				05B650B623CF852A008C16B5 /* URL_SHORTENER.xcdatamodeld in Sources */,
				05B650B223CF84C8008C16B5 /* AppDefine.swift in Sources */,
				05B650C023CF8645008C16B5 /* UrlShortenerProtocols.swift in Sources */,
				05D7F11F23C3342500957252 /* SceneDelegate.swift in Sources */,
				05D7F15C23C3354200957252 /* UrlShortenerVC.swift in Sources */,
				05D7F15623C334FC00957252 /* UrlShortenerWireframe.swift in Sources */,
				05B650C223CF8687008C16B5 /* Wireframe.swift in Sources */,
				0502BE6923C336F3005C0FCC /* UrlShortenerInteractor.swift in Sources */,
				05B650BD23CF85D5008C16B5 /* CoreDataManager.swift in Sources */,
				05B650BA23CF8595008C16B5 /* URLEntity.swift in Sources */,
			);
			runOnlyForDeploymentPostprocessing = 0;
		};
		05D7F12B23C3342700957252 /* Sources */ = {
			isa = PBXSourcesBuildPhase;
			buildActionMask = 2147483647;
			files = (
				05B650D223CF8951008C16B5 /* MockPersistentContainer.swift in Sources */,
				05B650CE23CF8951008C16B5 /* MockUrlShortenerWireframe.swift in Sources */,
				05B650CD23CF8951008C16B5 /* MockUrlShortenerInteractorOutput.swift in Sources */,
				05B650D123CF8951008C16B5 /* MockUrlShortenerInteractorInput.swift in Sources */,
				05B650D723CF8989008C16B5 /* UrlShortenerPresenterTests.swift in Sources */,
				05B650D523CF897A008C16B5 /* UrlShortenerViewTests.swift in Sources */,
				05B650D323CF8951008C16B5 /* MockCoreDataManager.swift in Sources */,
				05D7F13423C3342700957252 /* UrlShortenerTests.swift in Sources */,
				05B650CF23CF8951008C16B5 /* MockUrlShortenerView.swift in Sources */,
				05B650D023CF8951008C16B5 /* MockUrlShortenerPresenter.swift in Sources */,
				05B650DA23CF8C03008C16B5 /* UrlShortenerInteractorTests.swift in Sources */,
			);
			runOnlyForDeploymentPostprocessing = 0;
		};
/* End PBXSourcesBuildPhase section */

/* Begin PBXTargetDependency section */
		05D7F13123C3342700957252 /* PBXTargetDependency */ = {
			isa = PBXTargetDependency;
			target = 05D7F11823C3342500957252 /* UrlShortener */;
			targetProxy = 05D7F13023C3342700957252 /* PBXContainerItemProxy */;
		};
/* End PBXTargetDependency section */

/* Begin PBXVariantGroup section */
		05D7F12723C3342700957252 /* LaunchScreen.storyboard */ = {
			isa = PBXVariantGroup;
			children = (
				05D7F12823C3342700957252 /* Base */,
			);
			name = LaunchScreen.storyboard;
			sourceTree = "<group>";
		};
/* End PBXVariantGroup section */

/* Begin XCBuildConfiguration section */
		05D7F14123C3342700957252 /* Debug */ = {
			isa = XCBuildConfiguration;
			buildSettings = {
				ALWAYS_SEARCH_USER_PATHS = NO;
				CLANG_ANALYZER_NONNULL = YES;
				CLANG_ANALYZER_NUMBER_OBJECT_CONVERSION = YES_AGGRESSIVE;
				CLANG_CXX_LANGUAGE_STANDARD = "gnu++14";
				CLANG_CXX_LIBRARY = "libc++";
				CLANG_ENABLE_MODULES = YES;
				CLANG_ENABLE_OBJC_ARC = YES;
				CLANG_ENABLE_OBJC_WEAK = YES;
				CLANG_WARN_BLOCK_CAPTURE_AUTORELEASING = YES;
				CLANG_WARN_BOOL_CONVERSION = YES;
				CLANG_WARN_COMMA = YES;
				CLANG_WARN_CONSTANT_CONVERSION = YES;
				CLANG_WARN_DEPRECATED_OBJC_IMPLEMENTATIONS = YES;
				CLANG_WARN_DIRECT_OBJC_ISA_USAGE = YES_ERROR;
				CLANG_WARN_DOCUMENTATION_COMMENTS = YES;
				CLANG_WARN_EMPTY_BODY = YES;
				CLANG_WARN_ENUM_CONVERSION = YES;
				CLANG_WARN_INFINITE_RECURSION = YES;
				CLANG_WARN_INT_CONVERSION = YES;
				CLANG_WARN_NON_LITERAL_NULL_CONVERSION = YES;
				CLANG_WARN_OBJC_IMPLICIT_RETAIN_SELF = YES;
				CLANG_WARN_OBJC_LITERAL_CONVERSION = YES;
				CLANG_WARN_OBJC_ROOT_CLASS = YES_ERROR;
				CLANG_WARN_RANGE_LOOP_ANALYSIS = YES;
				CLANG_WARN_STRICT_PROTOTYPES = YES;
				CLANG_WARN_SUSPICIOUS_MOVE = YES;
				CLANG_WARN_UNGUARDED_AVAILABILITY = YES_AGGRESSIVE;
				CLANG_WARN_UNREACHABLE_CODE = YES;
				CLANG_WARN__DUPLICATE_METHOD_MATCH = YES;
				COPY_PHASE_STRIP = NO;
				DEBUG_INFORMATION_FORMAT = dwarf;
				ENABLE_STRICT_OBJC_MSGSEND = YES;
				ENABLE_TESTABILITY = YES;
				GCC_C_LANGUAGE_STANDARD = gnu11;
				GCC_DYNAMIC_NO_PIC = NO;
				GCC_NO_COMMON_BLOCKS = YES;
				GCC_OPTIMIZATION_LEVEL = 0;
				GCC_PREPROCESSOR_DEFINITIONS = (
					"DEBUG=1",
					"$(inherited)",
				);
				GCC_WARN_64_TO_32_BIT_CONVERSION = YES;
				GCC_WARN_ABOUT_RETURN_TYPE = YES_ERROR;
				GCC_WARN_UNDECLARED_SELECTOR = YES;
				GCC_WARN_UNINITIALIZED_AUTOS = YES_AGGRESSIVE;
				GCC_WARN_UNUSED_FUNCTION = YES;
				GCC_WARN_UNUSED_VARIABLE = YES;
				IPHONEOS_DEPLOYMENT_TARGET = 13.1;
				MTL_ENABLE_DEBUG_INFO = INCLUDE_SOURCE;
				MTL_FAST_MATH = YES;
				ONLY_ACTIVE_ARCH = YES;
				SDKROOT = iphoneos;
				SWIFT_ACTIVE_COMPILATION_CONDITIONS = DEBUG;
				SWIFT_OPTIMIZATION_LEVEL = "-Onone";
			};
			name = Debug;
		};
		05D7F14223C3342700957252 /* Release */ = {
			isa = XCBuildConfiguration;
			buildSettings = {
				ALWAYS_SEARCH_USER_PATHS = NO;
				CLANG_ANALYZER_NONNULL = YES;
				CLANG_ANALYZER_NUMBER_OBJECT_CONVERSION = YES_AGGRESSIVE;
				CLANG_CXX_LANGUAGE_STANDARD = "gnu++14";
				CLANG_CXX_LIBRARY = "libc++";
				CLANG_ENABLE_MODULES = YES;
				CLANG_ENABLE_OBJC_ARC = YES;
				CLANG_ENABLE_OBJC_WEAK = YES;
				CLANG_WARN_BLOCK_CAPTURE_AUTORELEASING = YES;
				CLANG_WARN_BOOL_CONVERSION = YES;
				CLANG_WARN_COMMA = YES;
				CLANG_WARN_CONSTANT_CONVERSION = YES;
				CLANG_WARN_DEPRECATED_OBJC_IMPLEMENTATIONS = YES;
				CLANG_WARN_DIRECT_OBJC_ISA_USAGE = YES_ERROR;
				CLANG_WARN_DOCUMENTATION_COMMENTS = YES;
				CLANG_WARN_EMPTY_BODY = YES;
				CLANG_WARN_ENUM_CONVERSION = YES;
				CLANG_WARN_INFINITE_RECURSION = YES;
				CLANG_WARN_INT_CONVERSION = YES;
				CLANG_WARN_NON_LITERAL_NULL_CONVERSION = YES;
				CLANG_WARN_OBJC_IMPLICIT_RETAIN_SELF = YES;
				CLANG_WARN_OBJC_LITERAL_CONVERSION = YES;
				CLANG_WARN_OBJC_ROOT_CLASS = YES_ERROR;
				CLANG_WARN_RANGE_LOOP_ANALYSIS = YES;
				CLANG_WARN_STRICT_PROTOTYPES = YES;
				CLANG_WARN_SUSPICIOUS_MOVE = YES;
				CLANG_WARN_UNGUARDED_AVAILABILITY = YES_AGGRESSIVE;
				CLANG_WARN_UNREACHABLE_CODE = YES;
				CLANG_WARN__DUPLICATE_METHOD_MATCH = YES;
				COPY_PHASE_STRIP = NO;
				DEBUG_INFORMATION_FORMAT = "dwarf-with-dsym";
				ENABLE_NS_ASSERTIONS = NO;
				ENABLE_STRICT_OBJC_MSGSEND = YES;
				GCC_C_LANGUAGE_STANDARD = gnu11;
				GCC_NO_COMMON_BLOCKS = YES;
				GCC_WARN_64_TO_32_BIT_CONVERSION = YES;
				GCC_WARN_ABOUT_RETURN_TYPE = YES_ERROR;
				GCC_WARN_UNDECLARED_SELECTOR = YES;
				GCC_WARN_UNINITIALIZED_AUTOS = YES_AGGRESSIVE;
				GCC_WARN_UNUSED_FUNCTION = YES;
				GCC_WARN_UNUSED_VARIABLE = YES;
				IPHONEOS_DEPLOYMENT_TARGET = 13.1;
				MTL_ENABLE_DEBUG_INFO = NO;
				MTL_FAST_MATH = YES;
				SDKROOT = iphoneos;
				SWIFT_COMPILATION_MODE = wholemodule;
				SWIFT_OPTIMIZATION_LEVEL = "-O";
				VALIDATE_PRODUCT = YES;
			};
			name = Release;
		};
		05D7F14423C3342700957252 /* Debug */ = {
			isa = XCBuildConfiguration;
			buildSettings = {
				ASSETCATALOG_COMPILER_APPICON_NAME = AppIcon;
				CODE_SIGN_STYLE = Automatic;
				DEVELOPMENT_TEAM = T33W778XZC;
				INFOPLIST_FILE = UrlShortener/Info.plist;
				LD_RUNPATH_SEARCH_PATHS = (
					"$(inherited)",
					"@executable_path/Frameworks",
				);
				PRODUCT_BUNDLE_IDENTIFIER = com.ihadas.UrlShortener;
				PRODUCT_NAME = "$(TARGET_NAME)";
				SWIFT_VERSION = 5.0;
				TARGETED_DEVICE_FAMILY = "1,2";
			};
			name = Debug;
		};
		05D7F14523C3342700957252 /* Release */ = {
			isa = XCBuildConfiguration;
			buildSettings = {
				ASSETCATALOG_COMPILER_APPICON_NAME = AppIcon;
				CODE_SIGN_STYLE = Automatic;
				DEVELOPMENT_TEAM = T33W778XZC;
				INFOPLIST_FILE = UrlShortener/Info.plist;
				LD_RUNPATH_SEARCH_PATHS = (
					"$(inherited)",
					"@executable_path/Frameworks",
				);
				PRODUCT_BUNDLE_IDENTIFIER = com.ihadas.UrlShortener;
				PRODUCT_NAME = "$(TARGET_NAME)";
				SWIFT_VERSION = 5.0;
				TARGETED_DEVICE_FAMILY = "1,2";
			};
			name = Release;
		};
		05D7F14723C3342700957252 /* Debug */ = {
			isa = XCBuildConfiguration;
			buildSettings = {
				ALWAYS_EMBED_SWIFT_STANDARD_LIBRARIES = YES;
				BUNDLE_LOADER = "$(TEST_HOST)";
				CODE_SIGN_STYLE = Automatic;
				DEVELOPMENT_TEAM = T33W778XZC;
				INFOPLIST_FILE = UrlShortenerTests/Info.plist;
				IPHONEOS_DEPLOYMENT_TARGET = 13.1;
				LD_RUNPATH_SEARCH_PATHS = (
					"$(inherited)",
					"@executable_path/Frameworks",
					"@loader_path/Frameworks",
				);
				PRODUCT_BUNDLE_IDENTIFIER = com.ihadas.UrlShortenerTests;
				PRODUCT_NAME = "$(TARGET_NAME)";
				SWIFT_VERSION = 5.0;
				TARGETED_DEVICE_FAMILY = "1,2";
				TEST_HOST = "$(BUILT_PRODUCTS_DIR)/UrlShortener.app/UrlShortener";
			};
			name = Debug;
		};
		05D7F14823C3342700957252 /* Release */ = {
			isa = XCBuildConfiguration;
			buildSettings = {
				ALWAYS_EMBED_SWIFT_STANDARD_LIBRARIES = YES;
				BUNDLE_LOADER = "$(TEST_HOST)";
				CODE_SIGN_STYLE = Automatic;
				DEVELOPMENT_TEAM = T33W778XZC;
				INFOPLIST_FILE = UrlShortenerTests/Info.plist;
				IPHONEOS_DEPLOYMENT_TARGET = 13.1;
				LD_RUNPATH_SEARCH_PATHS = (
					"$(inherited)",
					"@executable_path/Frameworks",
					"@loader_path/Frameworks",
				);
				PRODUCT_BUNDLE_IDENTIFIER = com.ihadas.UrlShortenerTests;
				PRODUCT_NAME = "$(TARGET_NAME)";
				SWIFT_VERSION = 5.0;
				TARGETED_DEVICE_FAMILY = "1,2";
				TEST_HOST = "$(BUILT_PRODUCTS_DIR)/UrlShortener.app/UrlShortener";
			};
			name = Release;
		};
/* End XCBuildConfiguration section */

/* Begin XCConfigurationList section */
		05D7F11423C3342400957252 /* Build configuration list for PBXProject "UrlShortener" */ = {
			isa = XCConfigurationList;
			buildConfigurations = (
				05D7F14123C3342700957252 /* Debug */,
				05D7F14223C3342700957252 /* Release */,
			);
			defaultConfigurationIsVisible = 0;
			defaultConfigurationName = Release;
		};
		05D7F14323C3342700957252 /* Build configuration list for PBXNativeTarget "UrlShortener" */ = {
			isa = XCConfigurationList;
			buildConfigurations = (
				05D7F14423C3342700957252 /* Debug */,
				05D7F14523C3342700957252 /* Release */,
			);
			defaultConfigurationIsVisible = 0;
			defaultConfigurationName = Release;
		};
		05D7F14623C3342700957252 /* Build configuration list for PBXNativeTarget "UrlShortenerTests" */ = {
			isa = XCConfigurationList;
			buildConfigurations = (
				05D7F14723C3342700957252 /* Debug */,
				05D7F14823C3342700957252 /* Release */,
			);
			defaultConfigurationIsVisible = 0;
			defaultConfigurationName = Release;
		};
/* End XCConfigurationList section */

/* Begin XCVersionGroup section */
		05B650B423CF852A008C16B5 /* URL_SHORTENER.xcdatamodeld */ = {
			isa = XCVersionGroup;
			children = (
				05B650B523CF852A008C16B5 /* URL_SHORTENER.xcdatamodel */,
			);
			currentVersion = 05B650B523CF852A008C16B5 /* URL_SHORTENER.xcdatamodel */;
			path = URL_SHORTENER.xcdatamodeld;
			sourceTree = "<group>";
			versionGroupType = wrapper.xcdatamodel;
		};
/* End XCVersionGroup section */
	};
	rootObject = 05D7F11123C3342400957252 /* Project object */;
}
